
Microsoft Visual Studio Solution File, Format Version 12.00
# Visual Studio Version 16
VisualStudioVersion = 16.0.31025.194
MinimumVisualStudioVersion = 10.0.40219.1
Project("{9A19103F-16F7-4668-BE54-9A1E7A4F7556}") = "GrpcNetCoreService.Client", "GrpcNetCore.Client\GrpcNetCoreService.Client.csproj", "{D93BE8F2-B3B7-4F5C-A20A-1B71758C1AB0}"
EndProject
Project("{9A19103F-16F7-4668-BE54-9A1E7A4F7556}") = "GrpcNetCoreService", "GrpcNetCoreService\GrpcNetCoreService.csproj", "{966960B5-8C94-4E04-A2A9-78218F39529C}"
EndProject
Project("{9A19103F-16F7-4668-BE54-9A1E7A4F7556}") = "GprcNetCoreServiceApp", "GrpcNetCoreApp\GprcNetCoreServiceApp.csproj", "{648E908B-6CDB-4E1C-A08A-C9F9D7FEAFBC}"
EndProject
Global
	GlobalSection(SolutionConfigurationPlatforms) = preSolution
		Debug|Any CPU = Debug|Any CPU
		Release|Any CPU = Release|Any CPU
	EndGlobalSection
	GlobalSection(ProjectConfigurationPlatforms) = postSolution
		{D93BE8F2-B3B7-4F5C-A20A-1B71758C1AB0}.Debug|Any CPU.ActiveCfg = Debug|Any CPU
		{D93BE8F2-B3B7-4F5C-A20A-1B71758C1AB0}.Debug|Any CPU.Build.0 = Debug|Any CPU
		{D93BE8F2-B3B7-4F5C-A20A-1B71758C1AB0}.Release|Any CPU.ActiveCfg = Release|Any CPU
		{D93BE8F2-B3B7-4F5C-A20A-1B71758C1AB0}.Release|Any CPU.Build.0 = Release|Any CPU
		{966960B5-8C94-4E04-A2A9-78218F39529C}.Debug|Any CPU.ActiveCfg = Debug|Any CPU
		{966960B5-8C94-4E04-A2A9-78218F39529C}.Debug|Any CPU.Build.0 = Debug|Any CPU
		{966960B5-8C94-4E04-A2A9-78218F39529C}.Release|Any CPU.ActiveCfg = Release|Any CPU
		{966960B5-8C94-4E04-A2A9-78218F39529C}.Release|Any CPU.Build.0 = Release|Any CPU
		{648E908B-6CDB-4E1C-A08A-C9F9D7FEAFBC}.Debug|Any CPU.ActiveCfg = Debug|Any CPU
		{648E908B-6CDB-4E1C-A08A-C9F9D7FEAFBC}.Debug|Any CPU.Build.0 = Debug|Any CPU
		{648E908B-6CDB-4E1C-A08A-C9F9D7FEAFBC}.Release|Any CPU.ActiveCfg = Release|Any CPU
		{648E908B-6CDB-4E1C-A08A-C9F9D7FEAFBC}.Release|Any CPU.Build.0 = Release|Any CPU
	EndGlobalSection
	GlobalSection(SolutionProperties) = preSolution
		HideSolutionNode = FALSE
	EndGlobalSection
	GlobalSection(ExtensibilityGlobals) = postSolution
		SolutionGuid = {769B9D22-8BB5-4F94-95CA-672CC04BE0B5}
	EndGlobalSection
EndGlobal
